
Microsoft Visual Studio Solution File, Format Version 12.00
# Visual Studio Version 16
VisualStudioVersion = 16.0.31410.357
MinimumVisualStudioVersion = 10.0.40219.1
Project("{FAE04EC0-301F-11D3-BF4B-00C04F79EFBC}") = "DieRoller.Server", "DieRoller\Server\DieRoller.Server.csproj", "{A2DAFDB6-263C-467C-9380-874D145CDBF0}"
EndProject
Project("{FAE04EC0-301F-11D3-BF4B-00C04F79EFBC}") = "DieRoller.Client", "DieRoller\Client\DieRoller.Client.csproj", "{A6A7CE0A-A110-42D3-9CC1-71A56BF1FE7C}"
EndProject
Project("{FAE04EC0-301F-11D3-BF4B-00C04F79EFBC}") = "DieRoller.Shared", "DieRoller\Shared\DieRoller.Shared.csproj", "{2FB07604-EF80-4D34-9C85-EC00C0812D5D}"
EndProject
Global
	GlobalSection(SolutionConfigurationPlatforms) = preSolution
		Debug|Any CPU = Debug|Any CPU
		Release|Any CPU = Release|Any CPU
	EndGlobalSection
	GlobalSection(ProjectConfigurationPlatforms) = postSolution
		{A2DAFDB6-263C-467C-9380-874D145CDBF0}.Debug|Any CPU.ActiveCfg = Debug|Any CPU
		{A2DAFDB6-263C-467C-9380-874D145CDBF0}.Debug|Any CPU.Build.0 = Debug|Any CPU
		{A2DAFDB6-263C-467C-9380-874D145CDBF0}.Release|Any CPU.ActiveCfg = Release|Any CPU
		{A2DAFDB6-263C-467C-9380-874D145CDBF0}.Release|Any CPU.Build.0 = Release|Any CPU
		{A6A7CE0A-A110-42D3-9CC1-71A56BF1FE7C}.Debug|Any CPU.ActiveCfg = Debug|Any CPU
		{A6A7CE0A-A110-42D3-9CC1-71A56BF1FE7C}.Debug|Any CPU.Build.0 = Debug|Any CPU
		{A6A7CE0A-A110-42D3-9CC1-71A56BF1FE7C}.Release|Any CPU.ActiveCfg = Release|Any CPU
		{A6A7CE0A-A110-42D3-9CC1-71A56BF1FE7C}.Release|Any CPU.Build.0 = Release|Any CPU
		{2FB07604-EF80-4D34-9C85-EC00C0812D5D}.Debug|Any CPU.ActiveCfg = Debug|Any CPU
		{2FB07604-EF80-4D34-9C85-EC00C0812D5D}.Debug|Any CPU.Build.0 = Debug|Any CPU
		{2FB07604-EF80-4D34-9C85-EC00C0812D5D}.Release|Any CPU.ActiveCfg = Release|Any CPU
		{2FB07604-EF80-4D34-9C85-EC00C0812D5D}.Release|Any CPU.Build.0 = Release|Any CPU
	EndGlobalSection
	GlobalSection(SolutionProperties) = preSolution
		HideSolutionNode = FALSE
	EndGlobalSection
	GlobalSection(ExtensibilityGlobals) = postSolution
		SolutionGuid = {149B0ADB-F29C-4C0D-9C0B-DDE7F7432B78}
	EndGlobalSection
EndGlobal
